
Microsoft Visual Studio Solution File, Format Version 12.00
# Visual Studio Version 16
VisualStudioVersion = 16.0.31205.134
MinimumVisualStudioVersion = 10.0.40219.1
Project("{FAE04EC0-301F-11D3-BF4B-00C04F79EFBC}") = "Ticari Otomasyon", "Ticari Otomasyon\Ticari Otomasyon.csproj", "{8299CDB7-E519-49FF-B81D-A6E4B84D9DA8}"
EndProject
Global
	GlobalSection(SolutionConfigurationPlatforms) = preSolution
		Debug|Any CPU = Debug|Any CPU
		Release|Any CPU = Release|Any CPU
	EndGlobalSection
	GlobalSection(ProjectConfigurationPlatforms) = postSolution
		{8299CDB7-E519-49FF-B81D-A6E4B84D9DA8}.Debug|Any CPU.ActiveCfg = Debug|Any CPU
		{8299CDB7-E519-49FF-B81D-A6E4B84D9DA8}.Debug|Any CPU.Build.0 = Debug|Any CPU
		{8299CDB7-E519-49FF-B81D-A6E4B84D9DA8}.Release|Any CPU.ActiveCfg = Release|Any CPU
		{8299CDB7-E519-49FF-B81D-A6E4B84D9DA8}.Release|Any CPU.Build.0 = Release|Any CPU
	EndGlobalSection
	GlobalSection(SolutionProperties) = preSolution
		HideSolutionNode = FALSE
	EndGlobalSection
	GlobalSection(ExtensibilityGlobals) = postSolution
		SolutionGuid = {E0432985-55EB-4F80-B20F-1A69014B9EEB}
	EndGlobalSection
EndGlobal
